<?xml version="1.0" encoding="utf-8"?>
<Project ToolsVersion="4.0" xmlns="http://schemas.microsoft.com/developer/msbuild/2003">
  <ItemGroup>
    <Filter Include="Source Files">
      <UniqueIdentifier>{4FC737F1-C7A5-4376-A066-2A32D752A2FF}</UniqueIdentifier>
      <Extensions>cpp;c;cc;cxx;def;odl;idl;hpj;bat;asm;asmx</Extensions>
    </Filter>
    <Filter Include="Header Files">
      <UniqueIdentifier>{93995380-89BD-4b04-88EB-625FBE52EBFB}</UniqueIdentifier>
      <Extensions>h;hh;hpp;hxx;hm;inl;inc;ipp;xsd</Extensions>
    </Filter>
    <Filter Include="Resource Files">
      <UniqueIdentifier>{67DA6AB6-F800-4c08-8B7A-83BB121AAD01}</UniqueIdentifier>
      <Extensions>rc;ico;cur;bmp;dlg;rc2;rct;bin;rgs;gif;jpg;jpeg;jpe;resx;tiff;tif;png;wav;mfcribbon-ms</Extensions>
    </Filter>
    <Filter Include="Resource Files\Classes">
      <UniqueIdentifier>{abd4f478-0b59-4fdf-b37c-710f3964c147}</UniqueIdentifier>
    </Filter>
  </ItemGroup>
  <ItemGroup>
    <ClCompile Include="src\Main.cpp">
      <Filter>Source Files</Filter>
    </ClCompile>
    <ClCompile Include="include\jsoncpp\jsoncpp.cpp">
      <Filter>Source Files</Filter>
    </ClCompile>
    <ClCompile Include="src\logging\Log.cpp">
      <Filter>Source Files</Filter>
    </ClCompile>
    <ClCompile Include="src\characterClasses\CharacterClass.cpp">
      <Filter>Source Files</Filter>
    </ClCompile>
    <ClCompile Include="src\characterClasses\Archer.cpp">
      <Filter>Source Files</Filter>
    </ClCompile>
    <ClCompile Include="src\characterClasses\Assassin.cpp">
      <Filter>Source Files</Filter>
    </ClCompile>
    <ClCompile Include="src\characterClasses\Brawler.cpp">
      <Filter>Source Files</Filter>
    </ClCompile>
    <ClCompile Include="src\characterClasses\Guardian.cpp">
      <Filter>Source Files</Filter>
    </ClCompile>
    <ClCompile Include="src\characterClasses\MagicSwordsman.cpp">
      <Filter>Source Files</Filter>
    </ClCompile>
    <ClCompile Include="src\characterClasses\Necromancer.cpp">
      <Filter>Source Files</Filter>
    </ClCompile>
    <ClCompile Include="src\characterClasses\Priest.cpp">
      <Filter>Source Files</Filter>
    </ClCompile>
    <ClCompile Include="src\characterClasses\Sage.cpp">
      <Filter>Source Files</Filter>
    </ClCompile>
    <ClCompile Include="src\characterClasses\Scout.cpp">
      <Filter>Source Files</Filter>
    </ClCompile>
    <ClCompile Include="src\characterClasses\Swordsman.cpp">
      <Filter>Source Files</Filter>
    </ClCompile>
    <ClCompile Include="src\characterClasses\Warrior.cpp">
      <Filter>Source Files</Filter>
    </ClCompile>
    <ClCompile Include="src\characterClasses\Wizard.cpp">
      <Filter>Source Files</Filter>
    </ClCompile>
    <ClCompile Include="src\ClassStatistics.cpp">
      <Filter>Source Files</Filter>
    </ClCompile>
    <ClCompile Include="src\PlaybleCharacter.cpp">
      <Filter>Source Files</Filter>
    </ClCompile>
    <ClCompile Include="src\Character.cpp">
      <Filter>Source Files</Filter>
    </ClCompile>
    <ClCompile Include="src\NPC.cpp">
      <Filter>Source Files</Filter>
    </ClCompile>
    <ClCompile Include="src\Custom_Exception.cpp">
      <Filter>Source Files</Filter>
    </ClCompile>
    <ClCompile Include="src\characterClasses\abilities\Ability.cpp">
      <Filter>Source Files</Filter>
    </ClCompile>
  </ItemGroup>
  <ItemGroup>
    <ClInclude Include="include\jsoncpp\json\json.h">
      <Filter>Header Files</Filter>
    </ClInclude>
    <ClInclude Include="include\jsoncpp\json\json-forwards.h">
      <Filter>Header Files</Filter>
    </ClInclude>
    <ClInclude Include="src\logging\Log.h">
      <Filter>Header Files</Filter>
    </ClInclude>
    <ClInclude Include="src\characterClasses\CharacterClass.h">
      <Filter>Header Files</Filter>
    </ClInclude>
    <ClInclude Include="src\characterClasses\Archer.h">
      <Filter>Header Files</Filter>
    </ClInclude>
    <ClInclude Include="src\characterClasses\Assassin.h">
      <Filter>Header Files</Filter>
    </ClInclude>
    <ClInclude Include="src\characterClasses\Brawler.h">
      <Filter>Header Files</Filter>
    </ClInclude>
    <ClInclude Include="src\characterClasses\Guardian.h">
      <Filter>Header Files</Filter>
    </ClInclude>
    <ClInclude Include="src\characterClasses\MagicSwordsman.h">
      <Filter>Header Files</Filter>
    </ClInclude>
    <ClInclude Include="src\characterClasses\Necromancer.h">
      <Filter>Header Files</Filter>
    </ClInclude>
    <ClInclude Include="src\characterClasses\Priest.h">
      <Filter>Header Files</Filter>
    </ClInclude>
    <ClInclude Include="src\characterClasses\Sage.h">
      <Filter>Header Files</Filter>
    </ClInclude>
    <ClInclude Include="src\characterClasses\Scout.h">
      <Filter>Header Files</Filter>
    </ClInclude>
    <ClInclude Include="src\characterClasses\Swordsman.h">
      <Filter>Header Files</Filter>
    </ClInclude>
    <ClInclude Include="src\characterClasses\Warrior.h">
      <Filter>Header Files</Filter>
    </ClInclude>
    <ClInclude Include="src\characterClasses\Wizard.h">
      <Filter>Header Files</Filter>
    </ClInclude>
    <ClInclude Include="src\ClassStatistics.h">
      <Filter>Header Files</Filter>
    </ClInclude>
    <ClInclude Include="src\Character.h">
      <Filter>Header Files</Filter>
    </ClInclude>
    <ClInclude Include="src\PlayableCharacter.h">
      <Filter>Header Files</Filter>
    </ClInclude>
    <ClInclude Include="src\NPC.h">
      <Filter>Header Files</Filter>
    </ClInclude>
    <ClInclude Include="src\characterClasses\abilities\Ability.h">
      <Filter>Header Files</Filter>
    </ClInclude>
  </ItemGroup>
  <ItemGroup>
    <None Include="data\classes\Archer.json" />
    <None Include="data\classes\Brawler.json" />
    <None Include="data\classes\Guardian.json" />
    <None Include="data\classes\Magic_Swordsman.json" />
    <None Include="data\classes\Priest.json" />
    <None Include="data\classes\Necromancer.json" />
    <None Include="data\classes\Sage.json" />
    <None Include="data\classes\Scout.json" />
    <None Include="data\classes\Swordsman.json" />
    <None Include="data\classes\Warrior.json" />
    <None Include="data\classes\Wizard.json" />
    <None Include="data\classes\Assassin.json" />
  </ItemGroup>
</Project>